{
  "name": "toolbox",
  "version": "1.0.0",
  "lockfileVersion": 3,
  "requires": true,
  "packages": {
    "": {
      "name": "toolbox",
      "version": "1.0.0",
      "workspaces": [
        "feed2llm",
        "gawk",
        "isp2ynab",
        "linear2llm"
      ]
    },
    "feed2llm": {
      "version": "1.0.0",
      "license": "MIT",
      "dependencies": {
        "@anthropic-ai/sdk": "^0.18.0",
        "axios": "^1.6.7",
        "chalk": "^5.3.0",
        "cheerio": "^1.0.0-rc.12",
        "commander": "^12.0.0",
        "progress": "^2.0.3",
        "turndown": "^7.1.2",
        "xml2js": "^0.6.2"
      },
      "bin": {
        "feed2llm": "index.js"
      },
      "engines": {
        "node": ">=18.0.0"
      }
    },
    "feed2llm/node_modules/@anthropic-ai/sdk": {
      "version": "0.18.0",
      "license": "MIT",
      "dependencies": {
        "@types/node": "^18.11.18",
        "@types/node-fetch": "^2.6.4",
        "abort-controller": "^3.0.0",
        "agentkeepalive": "^4.2.1",
        "digest-fetch": "^1.3.0",
        "form-data-encoder": "1.7.2",
        "formdata-node": "^4.3.2",
        "node-fetch": "^2.6.7",
        "web-streams-polyfill": "^3.2.1"
      }
    },
    "feed2llm/node_modules/@mixmark-io/domino": {
      "version": "2.2.0",
      "license": "BSD-2-Clause"
    },
    "feed2llm/node_modules/@types/node": {
      "version": "18.19.68",
      "license": "MIT",
      "dependencies": {
        "undici-types": "~5.26.4"
      }
    },
    "feed2llm/node_modules/@types/node-fetch": {
      "version": "2.6.12",
      "license": "MIT",
      "dependencies": {
        "@types/node": "*",
        "form-data": "^4.0.0"
      }
    },
    "feed2llm/node_modules/abort-controller": {
      "version": "3.0.0",
      "license": "MIT",
      "dependencies": {
        "event-target-shim": "^5.0.0"
      },
      "engines": {
        "node": ">=6.5"
      }
    },
    "feed2llm/node_modules/agentkeepalive": {
      "version": "4.6.0",
      "license": "MIT",
      "dependencies": {
        "humanize-ms": "^1.2.1"
      },
      "engines": {
        "node": ">= 8.0.0"
      }
    },
    "feed2llm/node_modules/asynckit": {
      "version": "0.4.0",
      "license": "MIT"
    },
    "feed2llm/node_modules/axios": {
      "version": "1.7.9",
      "license": "MIT",
      "dependencies": {
        "follow-redirects": "^1.15.6",
        "form-data": "^4.0.0",
        "proxy-from-env": "^1.1.0"
      }
    },
    "feed2llm/node_modules/base-64": {
      "version": "0.1.0"
    },
    "feed2llm/node_modules/boolbase": {
      "version": "1.0.0",
      "license": "ISC"
    },
    "feed2llm/node_modules/chalk": {
      "version": "5.4.1",
      "license": "MIT",
      "engines": {
        "node": "^12.17.0 || ^14.13 || >=16.0.0"
      },
      "funding": {
        "url": "https://github.com/chalk/chalk?sponsor=1"
      }
    },
    "feed2llm/node_modules/charenc": {
      "version": "0.0.2",
      "license": "BSD-3-Clause",
      "engines": {
        "node": "*"
      }
    },
    "feed2llm/node_modules/cheerio": {
      "version": "1.0.0",
      "license": "MIT",
      "dependencies": {
        "cheerio-select": "^2.1.0",
        "dom-serializer": "^2.0.0",
        "domhandler": "^5.0.3",
        "domutils": "^3.1.0",
        "encoding-sniffer": "^0.2.0",
        "htmlparser2": "^9.1.0",
        "parse5": "^7.1.2",
        "parse5-htmlparser2-tree-adapter": "^7.0.0",
        "parse5-parser-stream": "^7.1.2",
        "undici": "^6.19.5",
        "whatwg-mimetype": "^4.0.0"
      },
      "engines": {
        "node": ">=18.17"
      },
      "funding": {
        "url": "https://github.com/cheeriojs/cheerio?sponsor=1"
      }
    },
    "feed2llm/node_modules/cheerio-select": {
      "version": "2.1.0",
      "license": "BSD-2-Clause",
      "dependencies": {
        "boolbase": "^1.0.0",
        "css-select": "^5.1.0",
        "css-what": "^6.1.0",
        "domelementtype": "^2.3.0",
        "domhandler": "^5.0.3",
        "domutils": "^3.0.1"
      },
      "funding": {
        "url": "https://github.com/sponsors/fb55"
      }
    },
    "feed2llm/node_modules/combined-stream": {
      "version": "1.0.8",
      "license": "MIT",
      "dependencies": {
        "delayed-stream": "~1.0.0"
      },
      "engines": {
        "node": ">= 0.8"
      }
    },
    "feed2llm/node_modules/commander": {
      "version": "12.1.0",
      "license": "MIT",
      "engines": {
        "node": ">=18"
      }
    },
    "feed2llm/node_modules/crypt": {
      "version": "0.0.2",
      "license": "BSD-3-Clause",
      "engines": {
        "node": "*"
      }
    },
    "feed2llm/node_modules/css-select": {
      "version": "5.1.0",
      "license": "BSD-2-Clause",
      "dependencies": {
        "boolbase": "^1.0.0",
        "css-what": "^6.1.0",
        "domhandler": "^5.0.2",
        "domutils": "^3.0.1",
        "nth-check": "^2.0.1"
      },
      "funding": {
        "url": "https://github.com/sponsors/fb55"
      }
    },
    "feed2llm/node_modules/css-what": {
      "version": "6.1.0",
      "license": "BSD-2-Clause",
      "engines": {
        "node": ">= 6"
      },
      "funding": {
        "url": "https://github.com/sponsors/fb55"
      }
    },
    "feed2llm/node_modules/delayed-stream": {
      "version": "1.0.0",
      "license": "MIT",
      "engines": {
        "node": ">=0.4.0"
      }
    },
    "feed2llm/node_modules/digest-fetch": {
      "version": "1.3.0",
      "license": "ISC",
      "dependencies": {
        "base-64": "^0.1.0",
        "md5": "^2.3.0"
      }
    },
    "feed2llm/node_modules/dom-serializer": {
      "version": "2.0.0",
      "license": "MIT",
      "dependencies": {
        "domelementtype": "^2.3.0",
        "domhandler": "^5.0.2",
        "entities": "^4.2.0"
      },
      "funding": {
        "url": "https://github.com/cheeriojs/dom-serializer?sponsor=1"
      }
    },
    "feed2llm/node_modules/domelementtype": {
      "version": "2.3.0",
      "funding": [
        {
          "type": "github",
          "url": "https://github.com/sponsors/fb55"
        }
      ],
      "license": "BSD-2-Clause"
    },
    "feed2llm/node_modules/domhandler": {
      "version": "5.0.3",
      "license": "BSD-2-Clause",
      "dependencies": {
        "domelementtype": "^2.3.0"
      },
      "engines": {
        "node": ">= 4"
      },
      "funding": {
        "url": "https://github.com/fb55/domhandler?sponsor=1"
      }
    },
    "feed2llm/node_modules/domutils": {
      "version": "3.2.1",
      "license": "BSD-2-Clause",
      "dependencies": {
        "dom-serializer": "^2.0.0",
        "domelementtype": "^2.3.0",
        "domhandler": "^5.0.3"
      },
      "funding": {
        "url": "https://github.com/fb55/domutils?sponsor=1"
      }
    },
    "feed2llm/node_modules/encoding-sniffer": {
      "version": "0.2.0",
      "license": "MIT",
      "dependencies": {
        "iconv-lite": "^0.6.3",
        "whatwg-encoding": "^3.1.1"
      },
      "funding": {
        "url": "https://github.com/fb55/encoding-sniffer?sponsor=1"
      }
    },
    "feed2llm/node_modules/entities": {
      "version": "4.5.0",
      "license": "BSD-2-Clause",
      "engines": {
        "node": ">=0.12"
      },
      "funding": {
        "url": "https://github.com/fb55/entities?sponsor=1"
      }
    },
    "feed2llm/node_modules/event-target-shim": {
      "version": "5.0.1",
      "license": "MIT",
      "engines": {
        "node": ">=6"
      }
    },
    "feed2llm/node_modules/follow-redirects": {
      "version": "1.15.9",
      "funding": [
        {
          "type": "individual",
          "url": "https://github.com/sponsors/RubenVerborgh"
        }
      ],
      "license": "MIT",
      "engines": {
        "node": ">=4.0"
      },
      "peerDependenciesMeta": {
        "debug": {
          "optional": true
        }
      }
    },
    "feed2llm/node_modules/form-data": {
      "version": "4.0.1",
      "license": "MIT",
      "dependencies": {
        "asynckit": "^0.4.0",
        "combined-stream": "^1.0.8",
        "mime-types": "^2.1.12"
      },
      "engines": {
        "node": ">= 6"
      }
    },
    "feed2llm/node_modules/form-data-encoder": {
      "version": "1.7.2",
      "license": "MIT"
    },
    "feed2llm/node_modules/formdata-node": {
      "version": "4.4.1",
      "license": "MIT",
      "dependencies": {
        "node-domexception": "1.0.0",
        "web-streams-polyfill": "4.0.0-beta.3"
      },
      "engines": {
        "node": ">= 12.20"
      }
    },
    "feed2llm/node_modules/formdata-node/node_modules/web-streams-polyfill": {
      "version": "4.0.0-beta.3",
      "license": "MIT",
      "engines": {
        "node": ">= 14"
      }
    },
    "feed2llm/node_modules/htmlparser2": {
      "version": "9.1.0",
      "funding": [
        "https://github.com/fb55/htmlparser2?sponsor=1",
        {
          "type": "github",
          "url": "https://github.com/sponsors/fb55"
        }
      ],
      "license": "MIT",
      "dependencies": {
        "domelementtype": "^2.3.0",
        "domhandler": "^5.0.3",
        "domutils": "^3.1.0",
        "entities": "^4.5.0"
      }
    },
    "feed2llm/node_modules/humanize-ms": {
      "version": "1.2.1",
      "license": "MIT",
      "dependencies": {
        "ms": "^2.0.0"
      }
    },
    "feed2llm/node_modules/iconv-lite": {
      "version": "0.6.3",
      "license": "MIT",
      "dependencies": {
        "safer-buffer": ">= 2.1.2 < 3.0.0"
      },
      "engines": {
        "node": ">=0.10.0"
      }
    },
    "feed2llm/node_modules/is-buffer": {
      "version": "1.1.6",
      "license": "MIT"
    },
    "feed2llm/node_modules/md5": {
      "version": "2.3.0",
      "license": "BSD-3-Clause",
      "dependencies": {
        "charenc": "0.0.2",
        "crypt": "0.0.2",
        "is-buffer": "~1.1.6"
      }
    },
    "feed2llm/node_modules/mime-db": {
      "version": "1.52.0",
      "license": "MIT",
      "engines": {
        "node": ">= 0.6"
      }
    },
    "feed2llm/node_modules/mime-types": {
      "version": "2.1.35",
      "license": "MIT",
      "dependencies": {
        "mime-db": "1.52.0"
      },
      "engines": {
        "node": ">= 0.6"
      }
    },
    "feed2llm/node_modules/ms": {
      "version": "2.1.3",
      "license": "MIT"
    },
    "feed2llm/node_modules/node-domexception": {
      "version": "1.0.0",
      "funding": [
        {
          "type": "github",
          "url": "https://github.com/sponsors/jimmywarting"
        },
        {
          "type": "github",
          "url": "https://paypal.me/jimmywarting"
        }
      ],
      "license": "MIT",
      "engines": {
        "node": ">=10.5.0"
      }
    },
    "feed2llm/node_modules/node-fetch": {
      "version": "2.7.0",
      "license": "MIT",
      "dependencies": {
        "whatwg-url": "^5.0.0"
      },
      "engines": {
        "node": "4.x || >=6.0.0"
      },
      "peerDependencies": {
        "encoding": "^0.1.0"
      },
      "peerDependenciesMeta": {
        "encoding": {
          "optional": true
        }
      }
    },
    "feed2llm/node_modules/nth-check": {
      "version": "2.1.1",
      "license": "BSD-2-Clause",
      "dependencies": {
        "boolbase": "^1.0.0"
      },
      "funding": {
        "url": "https://github.com/fb55/nth-check?sponsor=1"
      }
    },
    "feed2llm/node_modules/parse5": {
      "version": "7.2.1",
      "license": "MIT",
      "dependencies": {
        "entities": "^4.5.0"
      },
      "funding": {
        "url": "https://github.com/inikulin/parse5?sponsor=1"
      }
    },
    "feed2llm/node_modules/parse5-htmlparser2-tree-adapter": {
      "version": "7.1.0",
      "license": "MIT",
      "dependencies": {
        "domhandler": "^5.0.3",
        "parse5": "^7.0.0"
      },
      "funding": {
        "url": "https://github.com/inikulin/parse5?sponsor=1"
      }
    },
    "feed2llm/node_modules/parse5-parser-stream": {
      "version": "7.1.2",
      "license": "MIT",
      "dependencies": {
        "parse5": "^7.0.0"
      },
      "funding": {
        "url": "https://github.com/inikulin/parse5?sponsor=1"
      }
    },
    "feed2llm/node_modules/progress": {
      "version": "2.0.3",
      "license": "MIT",
      "engines": {
        "node": ">=0.4.0"
      }
    },
    "feed2llm/node_modules/proxy-from-env": {
      "version": "1.1.0",
      "license": "MIT"
    },
    "feed2llm/node_modules/safer-buffer": {
      "version": "2.1.2",
      "license": "MIT"
    },
    "feed2llm/node_modules/sax": {
      "version": "1.4.1",
      "license": "ISC"
    },
    "feed2llm/node_modules/tr46": {
      "version": "0.0.3",
      "license": "MIT"
    },
    "feed2llm/node_modules/turndown": {
      "version": "7.2.0",
      "license": "MIT",
      "dependencies": {
        "@mixmark-io/domino": "^2.2.0"
      }
    },
    "feed2llm/node_modules/undici": {
      "version": "6.21.0",
      "license": "MIT",
      "engines": {
        "node": ">=18.17"
      }
    },
    "feed2llm/node_modules/undici-types": {
      "version": "5.26.5",
      "license": "MIT"
    },
    "feed2llm/node_modules/web-streams-polyfill": {
      "version": "3.3.3",
      "license": "MIT",
      "engines": {
        "node": ">= 8"
      }
    },
    "feed2llm/node_modules/webidl-conversions": {
      "version": "3.0.1",
      "license": "BSD-2-Clause"
    },
    "feed2llm/node_modules/whatwg-encoding": {
      "version": "3.1.1",
      "license": "MIT",
      "dependencies": {
        "iconv-lite": "0.6.3"
      },
      "engines": {
        "node": ">=18"
      }
    },
    "feed2llm/node_modules/whatwg-mimetype": {
      "version": "4.0.0",
      "license": "MIT",
      "engines": {
        "node": ">=18"
      }
    },
    "feed2llm/node_modules/whatwg-url": {
      "version": "5.0.0",
      "license": "MIT",
      "dependencies": {
        "tr46": "~0.0.3",
        "webidl-conversions": "^3.0.0"
      }
    },
    "feed2llm/node_modules/xml2js": {
      "version": "0.6.2",
      "license": "MIT",
      "dependencies": {
        "sax": ">=0.6.0",
        "xmlbuilder": "~11.0.0"
      },
      "engines": {
        "node": ">=4.0.0"
      }
    },
    "feed2llm/node_modules/xmlbuilder": {
      "version": "11.0.1",
      "license": "MIT",
      "engines": {
        "node": ">=4.0"
      }
    },
    "gawk": {
      "version": "1.0.0",
      "license": "MIT",
      "dependencies": {
        "ansi-colors": "^4.1.3",
        "cli-progress": "^3.12.0",
        "commander": "^12.0.0",
        "file-type": "^19.0.0",
        "glob": "^11.0.0",
        "ora": "^8.0.1",
        "p-limit": "^5.0.0"
      },
      "bin": {
        "gawk": "index.js"
      },
      "engines": {
        "node": ">=18.0.0"
      }
    },
    "gawk/node_modules/@isaacs/cliui": {
      "version": "8.0.2",
      "license": "ISC",
      "dependencies": {
        "string-width": "^5.1.2",
        "string-width-cjs": "npm:string-width@^4.2.0",
        "strip-ansi": "^7.0.1",
        "strip-ansi-cjs": "npm:strip-ansi@^6.0.1",
        "wrap-ansi": "^8.1.0",
        "wrap-ansi-cjs": "npm:wrap-ansi@^7.0.0"
      },
      "engines": {
        "node": ">=12"
      }
    },
    "gawk/node_modules/@isaacs/cliui/node_modules/emoji-regex": {
      "version": "9.2.2",
      "license": "MIT"
    },
    "gawk/node_modules/@isaacs/cliui/node_modules/string-width": {
      "version": "5.1.2",
      "license": "MIT",
      "dependencies": {
        "eastasianwidth": "^0.2.0",
        "emoji-regex": "^9.2.2",
        "strip-ansi": "^7.0.1"
      },
      "engines": {
        "node": ">=12"
      },
      "funding": {
        "url": "https://github.com/sponsors/sindresorhus"
      }
    },
    "gawk/node_modules/@sec-ant/readable-stream": {
      "version": "0.4.1",
      "license": "MIT"
    },
    "gawk/node_modules/@tokenizer/token": {
      "version": "0.3.0",
      "license": "MIT"
    },
    "gawk/node_modules/ansi-colors": {
      "version": "4.1.3",
      "license": "MIT",
      "engines": {
        "node": ">=6"
      }
    },
    "gawk/node_modules/ansi-regex": {
      "version": "6.1.0",
      "license": "MIT",
      "engines": {
        "node": ">=12"
      },
      "funding": {
        "url": "https://github.com/chalk/ansi-regex?sponsor=1"
      }
    },
    "gawk/node_modules/ansi-styles": {
      "version": "6.2.1",
      "license": "MIT",
      "engines": {
        "node": ">=12"
      },
      "funding": {
        "url": "https://github.com/chalk/ansi-styles?sponsor=1"
      }
    },
    "gawk/node_modules/balanced-match": {
      "version": "1.0.2",
      "license": "MIT"
    },
    "gawk/node_modules/brace-expansion": {
      "version": "2.0.1",
      "license": "MIT",
      "dependencies": {
        "balanced-match": "^1.0.0"
      }
    },
    "gawk/node_modules/chalk": {
      "version": "5.4.1",
      "license": "MIT",
      "engines": {
        "node": "^12.17.0 || ^14.13 || >=16.0.0"
      },
      "funding": {
        "url": "https://github.com/chalk/chalk?sponsor=1"
      }
    },
    "gawk/node_modules/cli-cursor": {
      "version": "5.0.0",
      "license": "MIT",
      "dependencies": {
        "restore-cursor": "^5.0.0"
      },
      "engines": {
        "node": ">=18"
      },
      "funding": {
        "url": "https://github.com/sponsors/sindresorhus"
      }
    },
    "gawk/node_modules/cli-progress": {
      "version": "3.12.0",
      "license": "MIT",
      "dependencies": {
        "string-width": "^4.2.3"
      },
      "engines": {
        "node": ">=4"
      }
    },
    "gawk/node_modules/cli-spinners": {
      "version": "2.9.2",
      "license": "MIT",
      "engines": {
        "node": ">=6"
      },
      "funding": {
        "url": "https://github.com/sponsors/sindresorhus"
      }
    },
    "gawk/node_modules/color-convert": {
      "version": "2.0.1",
      "license": "MIT",
      "dependencies": {
        "color-name": "~1.1.4"
      },
      "engines": {
        "node": ">=7.0.0"
      }
    },
    "gawk/node_modules/color-name": {
      "version": "1.1.4",
      "license": "MIT"
    },
    "gawk/node_modules/commander": {
      "version": "12.1.0",
      "license": "MIT",
      "engines": {
        "node": ">=18"
      }
    },
    "gawk/node_modules/cross-spawn": {
      "version": "7.0.6",
      "license": "MIT",
      "dependencies": {
        "path-key": "^3.1.0",
        "shebang-command": "^2.0.0",
        "which": "^2.0.1"
      },
      "engines": {
        "node": ">= 8"
      }
    },
    "gawk/node_modules/eastasianwidth": {
      "version": "0.2.0",
      "license": "MIT"
    },
    "gawk/node_modules/emoji-regex": {
      "version": "8.0.0",
      "license": "MIT"
    },
    "gawk/node_modules/file-type": {
      "version": "19.6.0",
      "license": "MIT",
      "dependencies": {
        "get-stream": "^9.0.1",
        "strtok3": "^9.0.1",
        "token-types": "^6.0.0",
        "uint8array-extras": "^1.3.0"
      },
      "engines": {
        "node": ">=18"
      },
      "funding": {
        "url": "https://github.com/sindresorhus/file-type?sponsor=1"
      }
    },
    "gawk/node_modules/foreground-child": {
      "version": "3.3.0",
      "license": "ISC",
      "dependencies": {
        "cross-spawn": "^7.0.0",
        "signal-exit": "^4.0.1"
      },
      "engines": {
        "node": ">=14"
      },
      "funding": {
        "url": "https://github.com/sponsors/isaacs"
      }
    },
    "gawk/node_modules/get-east-asian-width": {
      "version": "1.3.0",
      "license": "MIT",
      "engines": {
        "node": ">=18"
      },
      "funding": {
        "url": "https://github.com/sponsors/sindresorhus"
      }
    },
    "gawk/node_modules/get-stream": {
      "version": "9.0.1",
      "license": "MIT",
      "dependencies": {
        "@sec-ant/readable-stream": "^0.4.1",
        "is-stream": "^4.0.1"
      },
      "engines": {
        "node": ">=18"
      },
      "funding": {
        "url": "https://github.com/sponsors/sindresorhus"
      }
    },
    "gawk/node_modules/glob": {
      "version": "11.0.0",
      "license": "ISC",
      "dependencies": {
        "foreground-child": "^3.1.0",
        "jackspeak": "^4.0.1",
        "minimatch": "^10.0.0",
        "minipass": "^7.1.2",
        "package-json-from-dist": "^1.0.0",
        "path-scurry": "^2.0.0"
      },
      "bin": {
        "glob": "dist/esm/bin.mjs"
      },
      "engines": {
        "node": "20 || >=22"
      },
      "funding": {
        "url": "https://github.com/sponsors/isaacs"
      }
    },
    "gawk/node_modules/ieee754": {
      "version": "1.2.1",
      "funding": [
        {
          "type": "github",
          "url": "https://github.com/sponsors/feross"
        },
        {
          "type": "patreon",
          "url": "https://www.patreon.com/feross"
        },
        {
          "type": "consulting",
          "url": "https://feross.org/support"
        }
      ],
      "license": "BSD-3-Clause"
    },
    "gawk/node_modules/is-fullwidth-code-point": {
      "version": "3.0.0",
      "license": "MIT",
      "engines": {
        "node": ">=8"
      }
    },
    "gawk/node_modules/is-interactive": {
      "version": "2.0.0",
      "license": "MIT",
      "engines": {
        "node": ">=12"
      },
      "funding": {
        "url": "https://github.com/sponsors/sindresorhus"
      }
    },
    "gawk/node_modules/is-stream": {
      "version": "4.0.1",
      "license": "MIT",
      "engines": {
        "node": ">=18"
      },
      "funding": {
        "url": "https://github.com/sponsors/sindresorhus"
      }
    },
    "gawk/node_modules/is-unicode-supported": {
      "version": "2.1.0",
      "license": "MIT",
      "engines": {
        "node": ">=18"
      },
      "funding": {
        "url": "https://github.com/sponsors/sindresorhus"
      }
    },
    "gawk/node_modules/isexe": {
      "version": "2.0.0",
      "license": "ISC"
    },
    "gawk/node_modules/jackspeak": {
      "version": "4.0.2",
      "license": "BlueOak-1.0.0",
      "dependencies": {
        "@isaacs/cliui": "^8.0.2"
      },
      "engines": {
        "node": "20 || >=22"
      },
      "funding": {
        "url": "https://github.com/sponsors/isaacs"
      }
    },
    "gawk/node_modules/log-symbols": {
      "version": "6.0.0",
      "license": "MIT",
      "dependencies": {
        "chalk": "^5.3.0",
        "is-unicode-supported": "^1.3.0"
      },
      "engines": {
        "node": ">=18"
      },
      "funding": {
        "url": "https://github.com/sponsors/sindresorhus"
      }
    },
    "gawk/node_modules/log-symbols/node_modules/is-unicode-supported": {
      "version": "1.3.0",
      "license": "MIT",
      "engines": {
        "node": ">=12"
      },
      "funding": {
        "url": "https://github.com/sponsors/sindresorhus"
      }
    },
    "gawk/node_modules/lru-cache": {
      "version": "11.0.2",
      "license": "ISC",
      "engines": {
        "node": "20 || >=22"
      }
    },
    "gawk/node_modules/mimic-function": {
      "version": "5.0.1",
      "license": "MIT",
      "engines": {
        "node": ">=18"
      },
      "funding": {
        "url": "https://github.com/sponsors/sindresorhus"
      }
    },
    "gawk/node_modules/minimatch": {
      "version": "10.0.1",
      "license": "ISC",
      "dependencies": {
        "brace-expansion": "^2.0.1"
      },
      "engines": {
        "node": "20 || >=22"
      },
      "funding": {
        "url": "https://github.com/sponsors/isaacs"
      }
    },
    "gawk/node_modules/minipass": {
      "version": "7.1.2",
      "license": "ISC",
      "engines": {
        "node": ">=16 || 14 >=14.17"
      }
    },
    "gawk/node_modules/onetime": {
      "version": "7.0.0",
      "license": "MIT",
      "dependencies": {
        "mimic-function": "^5.0.0"
      },
      "engines": {
        "node": ">=18"
      },
      "funding": {
        "url": "https://github.com/sponsors/sindresorhus"
      }
    },
    "gawk/node_modules/ora": {
      "version": "8.1.1",
      "license": "MIT",
      "dependencies": {
        "chalk": "^5.3.0",
        "cli-cursor": "^5.0.0",
        "cli-spinners": "^2.9.2",
        "is-interactive": "^2.0.0",
        "is-unicode-supported": "^2.0.0",
        "log-symbols": "^6.0.0",
        "stdin-discarder": "^0.2.2",
        "string-width": "^7.2.0",
        "strip-ansi": "^7.1.0"
      },
      "engines": {
        "node": ">=18"
      },
      "funding": {
        "url": "https://github.com/sponsors/sindresorhus"
      }
    },
    "gawk/node_modules/ora/node_modules/emoji-regex": {
      "version": "10.4.0",
      "license": "MIT"
    },
    "gawk/node_modules/ora/node_modules/string-width": {
      "version": "7.2.0",
      "license": "MIT",
      "dependencies": {
        "emoji-regex": "^10.3.0",
        "get-east-asian-width": "^1.0.0",
        "strip-ansi": "^7.1.0"
      },
      "engines": {
        "node": ">=18"
      },
      "funding": {
        "url": "https://github.com/sponsors/sindresorhus"
      }
    },
    "gawk/node_modules/p-limit": {
      "version": "5.0.0",
      "license": "MIT",
      "dependencies": {
        "yocto-queue": "^1.0.0"
      },
      "engines": {
        "node": ">=18"
      },
      "funding": {
        "url": "https://github.com/sponsors/sindresorhus"
      }
    },
    "gawk/node_modules/package-json-from-dist": {
      "version": "1.0.1",
      "license": "BlueOak-1.0.0"
    },
    "gawk/node_modules/path-key": {
      "version": "3.1.1",
      "license": "MIT",
      "engines": {
        "node": ">=8"
      }
    },
    "gawk/node_modules/path-scurry": {
      "version": "2.0.0",
      "license": "BlueOak-1.0.0",
      "dependencies": {
        "lru-cache": "^11.0.0",
        "minipass": "^7.1.2"
      },
      "engines": {
        "node": "20 || >=22"
      },
      "funding": {
        "url": "https://github.com/sponsors/isaacs"
      }
    },
    "gawk/node_modules/peek-readable": {
      "version": "5.3.1",
      "license": "MIT",
      "engines": {
        "node": ">=14.16"
      },
      "funding": {
        "type": "github",
        "url": "https://github.com/sponsors/Borewit"
      }
    },
    "gawk/node_modules/restore-cursor": {
      "version": "5.1.0",
      "license": "MIT",
      "dependencies": {
        "onetime": "^7.0.0",
        "signal-exit": "^4.1.0"
      },
      "engines": {
        "node": ">=18"
      },
      "funding": {
        "url": "https://github.com/sponsors/sindresorhus"
      }
    },
    "gawk/node_modules/shebang-command": {
      "version": "2.0.0",
      "license": "MIT",
      "dependencies": {
        "shebang-regex": "^3.0.0"
      },
      "engines": {
        "node": ">=8"
      }
    },
    "gawk/node_modules/shebang-regex": {
      "version": "3.0.0",
      "license": "MIT",
      "engines": {
        "node": ">=8"
      }
    },
    "gawk/node_modules/signal-exit": {
      "version": "4.1.0",
      "license": "ISC",
      "engines": {
        "node": ">=14"
      },
      "funding": {
        "url": "https://github.com/sponsors/isaacs"
      }
    },
    "gawk/node_modules/stdin-discarder": {
      "version": "0.2.2",
      "license": "MIT",
      "engines": {
        "node": ">=18"
      },
      "funding": {
        "url": "https://github.com/sponsors/sindresorhus"
      }
    },
    "gawk/node_modules/string-width": {
      "version": "4.2.3",
      "license": "MIT",
      "dependencies": {
        "emoji-regex": "^8.0.0",
        "is-fullwidth-code-point": "^3.0.0",
        "strip-ansi": "^6.0.1"
      },
      "engines": {
        "node": ">=8"
      }
    },
    "gawk/node_modules/string-width-cjs": {
      "name": "string-width",
      "version": "4.2.3",
      "license": "MIT",
      "dependencies": {
        "emoji-regex": "^8.0.0",
        "is-fullwidth-code-point": "^3.0.0",
        "strip-ansi": "^6.0.1"
      },
      "engines": {
        "node": ">=8"
      }
    },
    "gawk/node_modules/string-width-cjs/node_modules/ansi-regex": {
      "version": "5.0.1",
      "license": "MIT",
      "engines": {
        "node": ">=8"
      }
    },
    "gawk/node_modules/string-width-cjs/node_modules/strip-ansi": {
      "version": "6.0.1",
      "license": "MIT",
      "dependencies": {
        "ansi-regex": "^5.0.1"
      },
      "engines": {
        "node": ">=8"
      }
    },
    "gawk/node_modules/string-width/node_modules/ansi-regex": {
      "version": "5.0.1",
      "license": "MIT",
      "engines": {
        "node": ">=8"
      }
    },
    "gawk/node_modules/string-width/node_modules/strip-ansi": {
      "version": "6.0.1",
      "license": "MIT",
      "dependencies": {
        "ansi-regex": "^5.0.1"
      },
      "engines": {
        "node": ">=8"
      }
    },
    "gawk/node_modules/strip-ansi": {
      "version": "7.1.0",
      "license": "MIT",
      "dependencies": {
        "ansi-regex": "^6.0.1"
      },
      "engines": {
        "node": ">=12"
      },
      "funding": {
        "url": "https://github.com/chalk/strip-ansi?sponsor=1"
      }
    },
    "gawk/node_modules/strip-ansi-cjs": {
      "name": "strip-ansi",
      "version": "6.0.1",
      "license": "MIT",
      "dependencies": {
        "ansi-regex": "^5.0.1"
      },
      "engines": {
        "node": ">=8"
      }
    },
    "gawk/node_modules/strip-ansi-cjs/node_modules/ansi-regex": {
      "version": "5.0.1",
      "license": "MIT",
      "engines": {
        "node": ">=8"
      }
    },
    "gawk/node_modules/strtok3": {
      "version": "9.1.1",
      "license": "MIT",
      "dependencies": {
        "@tokenizer/token": "^0.3.0",
        "peek-readable": "^5.3.1"
      },
      "engines": {
        "node": ">=16"
      },
      "funding": {
        "type": "github",
        "url": "https://github.com/sponsors/Borewit"
      }
    },
    "gawk/node_modules/token-types": {
      "version": "6.0.0",
      "license": "MIT",
      "dependencies": {
        "@tokenizer/token": "^0.3.0",
        "ieee754": "^1.2.1"
      },
      "engines": {
        "node": ">=14.16"
      },
      "funding": {
        "type": "github",
        "url": "https://github.com/sponsors/Borewit"
      }
    },
    "gawk/node_modules/uint8array-extras": {
      "version": "1.4.0",
      "license": "MIT",
      "engines": {
        "node": ">=18"
      },
      "funding": {
        "url": "https://github.com/sponsors/sindresorhus"
      }
    },
    "gawk/node_modules/which": {
      "version": "2.0.2",
      "license": "ISC",
      "dependencies": {
        "isexe": "^2.0.0"
      },
      "bin": {
        "node-which": "bin/node-which"
      },
      "engines": {
        "node": ">= 8"
      }
    },
    "gawk/node_modules/wrap-ansi": {
      "version": "8.1.0",
      "license": "MIT",
      "dependencies": {
        "ansi-styles": "^6.1.0",
        "string-width": "^5.0.1",
        "strip-ansi": "^7.0.1"
      },
      "engines": {
        "node": ">=12"
      },
      "funding": {
        "url": "https://github.com/chalk/wrap-ansi?sponsor=1"
      }
    },
    "gawk/node_modules/wrap-ansi-cjs": {
      "name": "wrap-ansi",
      "version": "7.0.0",
      "license": "MIT",
      "dependencies": {
        "ansi-styles": "^4.0.0",
        "string-width": "^4.1.0",
        "strip-ansi": "^6.0.0"
      },
      "engines": {
        "node": ">=10"
      },
      "funding": {
        "url": "https://github.com/chalk/wrap-ansi?sponsor=1"
      }
    },
    "gawk/node_modules/wrap-ansi-cjs/node_modules/ansi-regex": {
      "version": "5.0.1",
      "license": "MIT",
      "engines": {
        "node": ">=8"
      }
    },
    "gawk/node_modules/wrap-ansi-cjs/node_modules/ansi-styles": {
      "version": "4.3.0",
      "license": "MIT",
      "dependencies": {
        "color-convert": "^2.0.1"
      },
      "engines": {
        "node": ">=8"
      },
      "funding": {
        "url": "https://github.com/chalk/ansi-styles?sponsor=1"
      }
    },
    "gawk/node_modules/wrap-ansi-cjs/node_modules/strip-ansi": {
      "version": "6.0.1",
      "license": "MIT",
      "dependencies": {
        "ansi-regex": "^5.0.1"
      },
      "engines": {
        "node": ">=8"
      }
    },
    "gawk/node_modules/wrap-ansi/node_modules/emoji-regex": {
      "version": "9.2.2",
      "license": "MIT"
    },
    "gawk/node_modules/wrap-ansi/node_modules/string-width": {
      "version": "5.1.2",
      "license": "MIT",
      "dependencies": {
        "eastasianwidth": "^0.2.0",
        "emoji-regex": "^9.2.2",
        "strip-ansi": "^7.0.1"
      },
      "engines": {
        "node": ">=12"
      },
      "funding": {
        "url": "https://github.com/sponsors/sindresorhus"
      }
    },
    "gawk/node_modules/yocto-queue": {
      "version": "1.1.1",
      "license": "MIT",
      "engines": {
        "node": ">=12.20"
      },
      "funding": {
        "url": "https://github.com/sponsors/sindresorhus"
      }
    },
    "isp2ynab": {
      "version": "1.0.0",
      "license": "ISC",
      "dependencies": {
        "xlsx": "^0.18.5"
      },
      "bin": {
        "isp2ynab": "index.js"
      }
    },
    "isp2ynab/node_modules/adler-32": {
      "version": "1.3.1",
      "license": "Apache-2.0",
      "engines": {
        "node": ">=0.8"
      }
    },
    "isp2ynab/node_modules/cfb": {
      "version": "1.2.2",
      "license": "Apache-2.0",
      "dependencies": {
        "adler-32": "~1.3.0",
        "crc-32": "~1.2.0"
      },
      "engines": {
        "node": ">=0.8"
      }
    },
    "isp2ynab/node_modules/codepage": {
      "version": "1.15.0",
      "license": "Apache-2.0",
      "engines": {
        "node": ">=0.8"
      }
    },
    "isp2ynab/node_modules/crc-32": {
      "version": "1.2.2",
      "license": "Apache-2.0",
      "bin": {
        "crc32": "bin/crc32.njs"
      },
      "engines": {
        "node": ">=0.8"
      }
    },
    "isp2ynab/node_modules/frac": {
      "version": "1.1.2",
      "license": "Apache-2.0",
      "engines": {
        "node": ">=0.8"
      }
    },
    "isp2ynab/node_modules/ssf": {
      "version": "0.11.2",
      "license": "Apache-2.0",
      "dependencies": {
        "frac": "~1.1.2"
      },
      "engines": {
        "node": ">=0.8"
      }
    },
    "isp2ynab/node_modules/wmf": {
      "version": "1.0.2",
      "license": "Apache-2.0",
      "engines": {
        "node": ">=0.8"
      }
    },
    "isp2ynab/node_modules/word": {
      "version": "0.3.0",
      "license": "Apache-2.0",
      "engines": {
        "node": ">=0.8"
      }
    },
    "isp2ynab/node_modules/xlsx": {
      "version": "0.18.5",
      "license": "Apache-2.0",
      "dependencies": {
        "adler-32": "~1.3.0",
        "cfb": "~1.2.1",
        "codepage": "~1.15.0",
        "crc-32": "~1.2.1",
        "ssf": "~0.11.2",
        "wmf": "~1.0.1",
        "word": "~0.3.0"
      },
      "bin": {
        "xlsx": "bin/xlsx.njs"
      },
      "engines": {
        "node": ">=0.8"
      }
    },
    "linear2llm": {
      "version": "1.0.0",
      "license": "MIT",
      "dependencies": {
        "chalk": "^5.3.0",
        "commander": "^11.1.0",
        "graphql-request": "^6.1.0",
        "ora": "^7.0.1",
        "table": "^6.8.1"
      },
      "bin": {
        "linear2llm": "index.js"
      },
      "engines": {
        "node": ">=18.0.0"
      }
    },
    "linear2llm/node_modules/@graphql-typed-document-node/core": {
      "version": "3.2.0",
      "license": "MIT",
      "peerDependencies": {
        "graphql": "^0.8.0 || ^0.9.0 || ^0.10.0 || ^0.11.0 || ^0.12.0 || ^0.13.0 || ^14.0.0 || ^15.0.0 || ^16.0.0 || ^17.0.0"
      }
    },
    "linear2llm/node_modules/ajv": {
      "version": "8.17.1",
      "license": "MIT",
      "dependencies": {
        "fast-deep-equal": "^3.1.3",
        "fast-uri": "^3.0.1",
        "json-schema-traverse": "^1.0.0",
        "require-from-string": "^2.0.2"
      },
      "funding": {
        "type": "github",
        "url": "https://github.com/sponsors/epoberezkin"
      }
    },
    "linear2llm/node_modules/ansi-regex": {
      "version": "6.1.0",
      "license": "MIT",
      "engines": {
        "node": ">=12"
      },
      "funding": {
        "url": "https://github.com/chalk/ansi-regex?sponsor=1"
      }
    },
    "linear2llm/node_modules/ansi-styles": {
      "version": "4.3.0",
      "license": "MIT",
      "dependencies": {
        "color-convert": "^2.0.1"
      },
      "engines": {
        "node": ">=8"
      },
      "funding": {
        "url": "https://github.com/chalk/ansi-styles?sponsor=1"
      }
    },
    "linear2llm/node_modules/astral-regex": {
      "version": "2.0.0",
      "license": "MIT",
      "engines": {
        "node": ">=8"
      }
    },
    "linear2llm/node_modules/base64-js": {
      "version": "1.5.1",
      "funding": [
        {
          "type": "github",
          "url": "https://github.com/sponsors/feross"
        },
        {
          "type": "patreon",
          "url": "https://www.patreon.com/feross"
        },
        {
          "type": "consulting",
          "url": "https://feross.org/support"
        }
      ],
      "license": "MIT"
    },
    "linear2llm/node_modules/bl": {
      "version": "5.1.0",
      "license": "MIT",
      "dependencies": {
        "buffer": "^6.0.3",
        "inherits": "^2.0.4",
        "readable-stream": "^3.4.0"
      }
    },
    "linear2llm/node_modules/buffer": {
      "version": "6.0.3",
      "funding": [
        {
          "type": "github",
          "url": "https://github.com/sponsors/feross"
        },
        {
          "type": "patreon",
          "url": "https://www.patreon.com/feross"
        },
        {
          "type": "consulting",
          "url": "https://feross.org/support"
        }
      ],
      "license": "MIT",
      "dependencies": {
        "base64-js": "^1.3.1",
        "ieee754": "^1.2.1"
      }
    },
    "linear2llm/node_modules/chalk": {
      "version": "5.4.1",
      "license": "MIT",
      "engines": {
        "node": "^12.17.0 || ^14.13 || >=16.0.0"
      },
      "funding": {
        "url": "https://github.com/chalk/chalk?sponsor=1"
      }
    },
    "linear2llm/node_modules/cli-cursor": {
      "version": "4.0.0",
      "license": "MIT",
      "dependencies": {
        "restore-cursor": "^4.0.0"
      },
      "engines": {
        "node": "^12.20.0 || ^14.13.1 || >=16.0.0"
      },
      "funding": {
        "url": "https://github.com/sponsors/sindresorhus"
      }
    },
    "linear2llm/node_modules/cli-spinners": {
      "version": "2.9.2",
      "license": "MIT",
      "engines": {
        "node": ">=6"
      },
      "funding": {
        "url": "https://github.com/sponsors/sindresorhus"
      }
    },
    "linear2llm/node_modules/color-convert": {
      "version": "2.0.1",
      "license": "MIT",
      "dependencies": {
        "color-name": "~1.1.4"
      },
      "engines": {
        "node": ">=7.0.0"
      }
    },
    "linear2llm/node_modules/color-name": {
      "version": "1.1.4",
      "license": "MIT"
    },
    "linear2llm/node_modules/commander": {
      "version": "11.1.0",
      "license": "MIT",
      "engines": {
        "node": ">=16"
      }
    },
    "linear2llm/node_modules/cross-fetch": {
      "version": "3.2.0",
      "license": "MIT",
      "dependencies": {
        "node-fetch": "^2.7.0"
      }
    },
    "linear2llm/node_modules/eastasianwidth": {
      "version": "0.2.0",
      "license": "MIT"
    },
    "linear2llm/node_modules/emoji-regex": {
      "version": "10.4.0",
      "license": "MIT"
    },
    "linear2llm/node_modules/fast-deep-equal": {
      "version": "3.1.3",
      "license": "MIT"
    },
    "linear2llm/node_modules/fast-uri": {
      "version": "3.0.3",
      "license": "BSD-3-Clause"
    },
    "linear2llm/node_modules/graphql": {
      "version": "16.10.0",
      "license": "MIT",
      "peer": true,
      "engines": {
        "node": "^12.22.0 || ^14.16.0 || ^16.0.0 || >=17.0.0"
      }
    },
    "linear2llm/node_modules/graphql-request": {
      "version": "6.1.0",
      "license": "MIT",
      "dependencies": {
        "@graphql-typed-document-node/core": "^3.2.0",
        "cross-fetch": "^3.1.5"
      },
      "peerDependencies": {
        "graphql": "14 - 16"
      }
    },
    "linear2llm/node_modules/ieee754": {
      "version": "1.2.1",
      "funding": [
        {
          "type": "github",
          "url": "https://github.com/sponsors/feross"
        },
        {
          "type": "patreon",
          "url": "https://www.patreon.com/feross"
        },
        {
          "type": "consulting",
          "url": "https://feross.org/support"
        }
      ],
      "license": "BSD-3-Clause"
    },
    "linear2llm/node_modules/inherits": {
      "version": "2.0.4",
      "license": "ISC"
    },
    "linear2llm/node_modules/is-fullwidth-code-point": {
      "version": "3.0.0",
      "license": "MIT",
      "engines": {
        "node": ">=8"
      }
    },
    "linear2llm/node_modules/is-interactive": {
      "version": "2.0.0",
      "license": "MIT",
      "engines": {
        "node": ">=12"
      },
      "funding": {
        "url": "https://github.com/sponsors/sindresorhus"
      }
    },
    "linear2llm/node_modules/is-unicode-supported": {
      "version": "1.3.0",
      "license": "MIT",
      "engines": {
        "node": ">=12"
      },
      "funding": {
        "url": "https://github.com/sponsors/sindresorhus"
      }
    },
    "linear2llm/node_modules/json-schema-traverse": {
      "version": "1.0.0",
      "license": "MIT"
    },
    "linear2llm/node_modules/lodash.truncate": {
      "version": "4.4.2",
      "license": "MIT"
    },
    "linear2llm/node_modules/log-symbols": {
      "version": "5.1.0",
      "license": "MIT",
      "dependencies": {
        "chalk": "^5.0.0",
        "is-unicode-supported": "^1.1.0"
      },
      "engines": {
        "node": ">=12"
      },
      "funding": {
        "url": "https://github.com/sponsors/sindresorhus"
      }
    },
    "linear2llm/node_modules/mimic-fn": {
      "version": "2.1.0",
      "license": "MIT",
      "engines": {
        "node": ">=6"
      }
    },
    "linear2llm/node_modules/node-fetch": {
      "version": "2.7.0",
      "license": "MIT",
      "dependencies": {
        "whatwg-url": "^5.0.0"
      },
      "engines": {
        "node": "4.x || >=6.0.0"
      },
      "peerDependencies": {
        "encoding": "^0.1.0"
      },
      "peerDependenciesMeta": {
        "encoding": {
          "optional": true
        }
      }
    },
    "linear2llm/node_modules/onetime": {
      "version": "5.1.2",
      "license": "MIT",
      "dependencies": {
        "mimic-fn": "^2.1.0"
      },
      "engines": {
        "node": ">=6"
      },
      "funding": {
        "url": "https://github.com/sponsors/sindresorhus"
      }
    },
    "linear2llm/node_modules/ora": {
      "version": "7.0.1",
      "license": "MIT",
      "dependencies": {
        "chalk": "^5.3.0",
        "cli-cursor": "^4.0.0",
        "cli-spinners": "^2.9.0",
        "is-interactive": "^2.0.0",
        "is-unicode-supported": "^1.3.0",
        "log-symbols": "^5.1.0",
        "stdin-discarder": "^0.1.0",
        "string-width": "^6.1.0",
        "strip-ansi": "^7.1.0"
      },
      "engines": {
        "node": ">=16"
      },
      "funding": {
        "url": "https://github.com/sponsors/sindresorhus"
      }
    },
    "linear2llm/node_modules/readable-stream": {
      "version": "3.6.2",
      "license": "MIT",
      "dependencies": {
        "inherits": "^2.0.3",
        "string_decoder": "^1.1.1",
        "util-deprecate": "^1.0.1"
      },
      "engines": {
        "node": ">= 6"
      }
    },
    "linear2llm/node_modules/require-from-string": {
      "version": "2.0.2",
      "license": "MIT",
      "engines": {
        "node": ">=0.10.0"
      }
    },
    "linear2llm/node_modules/restore-cursor": {
      "version": "4.0.0",
      "license": "MIT",
      "dependencies": {
        "onetime": "^5.1.0",
        "signal-exit": "^3.0.2"
      },
      "engines": {
        "node": "^12.20.0 || ^14.13.1 || >=16.0.0"
      },
      "funding": {
        "url": "https://github.com/sponsors/sindresorhus"
      }
    },
    "linear2llm/node_modules/safe-buffer": {
      "version": "5.2.1",
      "funding": [
        {
          "type": "github",
          "url": "https://github.com/sponsors/feross"
        },
        {
          "type": "patreon",
          "url": "https://www.patreon.com/feross"
        },
        {
          "type": "consulting",
          "url": "https://feross.org/support"
        }
      ],
      "license": "MIT"
    },
    "linear2llm/node_modules/signal-exit": {
      "version": "3.0.7",
      "license": "ISC"
    },
    "linear2llm/node_modules/slice-ansi": {
      "version": "4.0.0",
      "license": "MIT",
      "dependencies": {
        "ansi-styles": "^4.0.0",
        "astral-regex": "^2.0.0",
        "is-fullwidth-code-point": "^3.0.0"
      },
      "engines": {
        "node": ">=10"
      },
      "funding": {
        "url": "https://github.com/chalk/slice-ansi?sponsor=1"
      }
    },
    "linear2llm/node_modules/stdin-discarder": {
      "version": "0.1.0",
      "license": "MIT",
      "dependencies": {
        "bl": "^5.0.0"
      },
      "engines": {
        "node": "^12.20.0 || ^14.13.1 || >=16.0.0"
      },
      "funding": {
        "url": "https://github.com/sponsors/sindresorhus"
      }
    },
    "linear2llm/node_modules/string_decoder": {
      "version": "1.3.0",
      "license": "MIT",
      "dependencies": {
        "safe-buffer": "~5.2.0"
      }
    },
    "linear2llm/node_modules/string-width": {
      "version": "6.1.0",
      "license": "MIT",
      "dependencies": {
        "eastasianwidth": "^0.2.0",
        "emoji-regex": "^10.2.1",
        "strip-ansi": "^7.0.1"
      },
      "engines": {
        "node": ">=16"
      },
      "funding": {
        "url": "https://github.com/sponsors/sindresorhus"
      }
    },
    "linear2llm/node_modules/strip-ansi": {
      "version": "7.1.0",
      "license": "MIT",
      "dependencies": {
        "ansi-regex": "^6.0.1"
      },
      "engines": {
        "node": ">=12"
      },
      "funding": {
        "url": "https://github.com/chalk/strip-ansi?sponsor=1"
      }
    },
    "linear2llm/node_modules/table": {
      "version": "6.9.0",
      "license": "BSD-3-Clause",
      "dependencies": {
        "ajv": "^8.0.1",
        "lodash.truncate": "^4.4.2",
        "slice-ansi": "^4.0.0",
        "string-width": "^4.2.3",
        "strip-ansi": "^6.0.1"
      },
      "engines": {
        "node": ">=10.0.0"
      }
    },
    "linear2llm/node_modules/table/node_modules/ansi-regex": {
      "version": "5.0.1",
      "license": "MIT",
      "engines": {
        "node": ">=8"
      }
    },
    "linear2llm/node_modules/table/node_modules/emoji-regex": {
      "version": "8.0.0",
      "license": "MIT"
    },
    "linear2llm/node_modules/table/node_modules/string-width": {
      "version": "4.2.3",
      "license": "MIT",
      "dependencies": {
        "emoji-regex": "^8.0.0",
        "is-fullwidth-code-point": "^3.0.0",
        "strip-ansi": "^6.0.1"
      },
      "engines": {
        "node": ">=8"
      }
    },
    "linear2llm/node_modules/table/node_modules/strip-ansi": {
      "version": "6.0.1",
      "license": "MIT",
      "dependencies": {
        "ansi-regex": "^5.0.1"
      },
      "engines": {
        "node": ">=8"
      }
    },
    "linear2llm/node_modules/tr46": {
      "version": "0.0.3",
      "license": "MIT"
    },
    "linear2llm/node_modules/util-deprecate": {
      "version": "1.0.2",
      "license": "MIT"
    },
    "linear2llm/node_modules/webidl-conversions": {
      "version": "3.0.1",
      "license": "BSD-2-Clause"
    },
    "linear2llm/node_modules/whatwg-url": {
      "version": "5.0.0",
      "license": "MIT",
      "dependencies": {
        "tr46": "~0.0.3",
        "webidl-conversions": "^3.0.0"
      }
    },
    "node_modules/feed2llm": {
      "resolved": "feed2llm",
      "link": true
    },
    "node_modules/gawk": {
      "resolved": "gawk",
      "link": true
    },
    "node_modules/isp2ynab": {
      "resolved": "isp2ynab",
      "link": true
    },
    "node_modules/linear2llm": {
      "resolved": "linear2llm",
      "link": true
    }
  }
}
